# THIS IS AN AUTOGENERATED FILE. DO NOT EDIT THIS FILE DIRECTLY.
# yarn lockfile v1


"@js-sdsl/link-list@^4.4.2":
  version "4.4.2"
  resolved "https://registry.yarnpkg.com/@js-sdsl/link-list/-/link-list-4.4.2.tgz#3262178d274f539f4ff74d09f0cb67f691186b23"
  integrity sha512-tL/9WWyOQUBxwZv2Qn2os/CFrue03FwtSZ1S1kq63jJG+JNC3I3jQNYyH8R0asUYqYiChcxjWCpWmISSeYennQ==

"@types/node@^20.11.19":
  version "20.11.19"
  resolved "https://registry.yarnpkg.com/@types/node/-/node-20.11.19.tgz#b466de054e9cb5b3831bee38938de64ac7f81195"
  integrity sha512-7xMnVEcZFu0DikYjWOlRq7NTPETrm7teqUT2WkQjrTIkEgUyyGdWsj/Zg8bEJt5TNklzbPD1X3fqfsHw3SpapQ==
  dependencies:
    undici-types "~5.26.4"

lru-cache@^10.2.0:
  version "10.2.0"
  resolved "https://registry.yarnpkg.com/lru-cache/-/lru-cache-10.2.0.tgz#0bd445ca57363465900f4d1f9bd8db343a4d95c3"
  integrity sha512-2bIM8x+VAf6JT4bKAljS1qUWgMsqZRPGJS6FSahIMPVvctcNhyVp7AJu7quxOW9jwkryBReKZY5tY5JYv2n/7Q==

mnemonist@^0.39.8:
  version "0.39.8"
  resolved "https://registry.yarnpkg.com/mnemonist/-/mnemonist-0.39.8.tgz#9078cd8386081afd986cca34b52b5d84ea7a4d38"
  integrity sha512-vyWo2K3fjrUw8YeeZ1zF0fy6Mu59RHokURlld8ymdUPjMlD9EC9ov1/YPqTgqRvUN9nTr3Gqfz29LYAmu0PHPQ==
  dependencies:
    obliterator "^2.0.1"

obliterator@^2.0.1:
  version "2.0.4"
  resolved "https://registry.yarnpkg.com/obliterator/-/obliterator-2.0.4.tgz#fa650e019b2d075d745e44f1effeb13a2adbe816"
  integrity sha512-lgHwxlxV1qIg1Eap7LgIeoBWIMFibOjbrYPIPJZcI1mmGAI2m3lNYpK12Y+GBdPQ0U1hRwSord7GIaawz962qQ==

tinybench@^2.6.0:
  version "2.6.0"
  resolved "https://registry.yarnpkg.com/tinybench/-/tinybench-2.6.0.tgz#1423284ee22de07c91b3752c048d2764714b341b"
  integrity sha512-N8hW3PG/3aOoZAN5V/NSAEDz0ZixDSSt5b/a05iqtpgfLWMSVuCo7w0k2vVvEjdrIoeGqZzweX2WlyioNIHchA==

undici-types@~5.26.4:
  version "5.26.5"
  resolved "https://registry.yarnpkg.com/undici-types/-/undici-types-5.26.5.tgz#bcd539893d00b56e964fd2657a4866b221a65617"
  integrity sha512-JlCMO+ehdEIKqlFxk6IfVoAUVmgz7cU7zD/h9XZ0qzeosSHmUJVOzSQvvYSYWXkFXC+IfLKSIffhv0sVZup6pA==
